
Microsoft Visual Studio Solution File, Format Version 12.00
# Visual Studio Version 16
VisualStudioVersion = 16.0.32106.194
MinimumVisualStudioVersion = 10.0.40219.1
Project("{FAE04EC0-301F-11D3-BF4B-00C04F79EFBC}") = "WiredBrainCoffee.SpecialCases", "WiredBrainCoffee.SpecialCases\WiredBrainCoffee.SpecialCases.csproj", "{A958006B-A7BE-4462-8C6B-D2912CE7B566}"
EndProject
Global
	GlobalSection(SolutionConfigurationPlatforms) = preSolution
		Debug|Any CPU = Debug|Any CPU
		Release|Any CPU = Release|Any CPU
	EndGlobalSection
	GlobalSection(ProjectConfigurationPlatforms) = postSolution
		{A958006B-A7BE-4462-8C6B-D2912CE7B566}.Debug|Any CPU.ActiveCfg = Debug|Any CPU
		{A958006B-A7BE-4462-8C6B-D2912CE7B566}.Debug|Any CPU.Build.0 = Debug|Any CPU
		{A958006B-A7BE-4462-8C6B-D2912CE7B566}.Release|Any CPU.ActiveCfg = Release|Any CPU
		{A958006B-A7BE-4462-8C6B-D2912CE7B566}.Release|Any CPU.Build.0 = Release|Any CPU
	EndGlobalSection
	GlobalSection(SolutionProperties) = preSolution
		HideSolutionNode = FALSE
	EndGlobalSection
	GlobalSection(ExtensibilityGlobals) = postSolution
		SolutionGuid = {96DB0302-3448-4974-AC7B-30D7927F42B1}
	EndGlobalSection
EndGlobal
